
Microsoft Visual Studio Solution File, Format Version 12.00
# Visual Studio 15
VisualStudioVersion = 15.0.35213.121
MinimumVisualStudioVersion = 10.0.40219.1
Project("{8BC9CEB8-8B4A-11D0-8D11-00A0C91BC942}") = "HW10_Q1", "HW10_Q1\HW10_Q1.vcxproj", "{BD48D88B-A4F4-4B55-BDE6-5084901A6B18}"
EndProject
Global
	GlobalSection(SolutionConfigurationPlatforms) = preSolution
		Debug|x64 = Debug|x64
		Debug|x86 = Debug|x86
		Release|x64 = Release|x64
		Release|x86 = Release|x86
	EndGlobalSection
	GlobalSection(ProjectConfigurationPlatforms) = postSolution
		{BD48D88B-A4F4-4B55-BDE6-5084901A6B18}.Debug|x64.ActiveCfg = Debug|x64
		{BD48D88B-A4F4-4B55-BDE6-5084901A6B18}.Debug|x64.Build.0 = Debug|x64
		{BD48D88B-A4F4-4B55-BDE6-5084901A6B18}.Debug|x86.ActiveCfg = Debug|Win32
		{BD48D88B-A4F4-4B55-BDE6-5084901A6B18}.Debug|x86.Build.0 = Debug|Win32
		{BD48D88B-A4F4-4B55-BDE6-5084901A6B18}.Release|x64.ActiveCfg = Release|x64
		{BD48D88B-A4F4-4B55-BDE6-5084901A6B18}.Release|x64.Build.0 = Release|x64
		{BD48D88B-A4F4-4B55-BDE6-5084901A6B18}.Release|x86.ActiveCfg = Release|Win32
		{BD48D88B-A4F4-4B55-BDE6-5084901A6B18}.Release|x86.Build.0 = Release|Win32
	EndGlobalSection
	GlobalSection(SolutionProperties) = preSolution
		HideSolutionNode = FALSE
	EndGlobalSection
	GlobalSection(ExtensibilityGlobals) = postSolution
		SolutionGuid = {A7D5A3D2-30AC-4D17-ABD4-FBCF12EF2AA4}
	EndGlobalSection
EndGlobal
