
Microsoft Visual Studio Solution File, Format Version 12.00
# Visual Studio 15
VisualStudioVersion = 15.0.35213.121
MinimumVisualStudioVersion = 10.0.40219.1
Project("{8BC9CEB8-8B4A-11D0-8D11-00A0C91BC942}") = "HW4_Q4", "HW4_Q4\HW4_Q4.vcxproj", "{649F6800-D508-4D65-924C-EE4DD3AB043A}"
EndProject
Global
	GlobalSection(SolutionConfigurationPlatforms) = preSolution
		Debug|x64 = Debug|x64
		Debug|x86 = Debug|x86
		Release|x64 = Release|x64
		Release|x86 = Release|x86
	EndGlobalSection
	GlobalSection(ProjectConfigurationPlatforms) = postSolution
		{649F6800-D508-4D65-924C-EE4DD3AB043A}.Debug|x64.ActiveCfg = Debug|x64
		{649F6800-D508-4D65-924C-EE4DD3AB043A}.Debug|x64.Build.0 = Debug|x64
		{649F6800-D508-4D65-924C-EE4DD3AB043A}.Debug|x86.ActiveCfg = Debug|Win32
		{649F6800-D508-4D65-924C-EE4DD3AB043A}.Debug|x86.Build.0 = Debug|Win32
		{649F6800-D508-4D65-924C-EE4DD3AB043A}.Release|x64.ActiveCfg = Release|x64
		{649F6800-D508-4D65-924C-EE4DD3AB043A}.Release|x64.Build.0 = Release|x64
		{649F6800-D508-4D65-924C-EE4DD3AB043A}.Release|x86.ActiveCfg = Release|Win32
		{649F6800-D508-4D65-924C-EE4DD3AB043A}.Release|x86.Build.0 = Release|Win32
	EndGlobalSection
	GlobalSection(SolutionProperties) = preSolution
		HideSolutionNode = FALSE
	EndGlobalSection
	GlobalSection(ExtensibilityGlobals) = postSolution
		SolutionGuid = {36B7D452-C470-4460-812F-FD90E87B2176}
	EndGlobalSection
EndGlobal
