
Microsoft Visual Studio Solution File, Format Version 12.00
# Visual Studio 15
VisualStudioVersion = 15.0.35213.121
MinimumVisualStudioVersion = 10.0.40219.1
Project("{8BC9CEB8-8B4A-11D0-8D11-00A0C91BC942}") = "HW6_Q1", "HW6_Q1\HW6_Q1.vcxproj", "{B42EA2AE-4F3F-44F5-82CA-CC4D797DC76E}"
EndProject
Global
	GlobalSection(SolutionConfigurationPlatforms) = preSolution
		Debug|x64 = Debug|x64
		Debug|x86 = Debug|x86
		Release|x64 = Release|x64
		Release|x86 = Release|x86
	EndGlobalSection
	GlobalSection(ProjectConfigurationPlatforms) = postSolution
		{B42EA2AE-4F3F-44F5-82CA-CC4D797DC76E}.Debug|x64.ActiveCfg = Debug|x64
		{B42EA2AE-4F3F-44F5-82CA-CC4D797DC76E}.Debug|x64.Build.0 = Debug|x64
		{B42EA2AE-4F3F-44F5-82CA-CC4D797DC76E}.Debug|x86.ActiveCfg = Debug|Win32
		{B42EA2AE-4F3F-44F5-82CA-CC4D797DC76E}.Debug|x86.Build.0 = Debug|Win32
		{B42EA2AE-4F3F-44F5-82CA-CC4D797DC76E}.Release|x64.ActiveCfg = Release|x64
		{B42EA2AE-4F3F-44F5-82CA-CC4D797DC76E}.Release|x64.Build.0 = Release|x64
		{B42EA2AE-4F3F-44F5-82CA-CC4D797DC76E}.Release|x86.ActiveCfg = Release|Win32
		{B42EA2AE-4F3F-44F5-82CA-CC4D797DC76E}.Release|x86.Build.0 = Release|Win32
	EndGlobalSection
	GlobalSection(SolutionProperties) = preSolution
		HideSolutionNode = FALSE
	EndGlobalSection
	GlobalSection(ExtensibilityGlobals) = postSolution
		SolutionGuid = {00306A58-441B-44F5-BB84-0BAA45F92AA3}
	EndGlobalSection
EndGlobal
